
Microsoft Visual Studio Solution File, Format Version 12.00
# Visual Studio 15
VisualStudioVersion = 15.0.28307.168
MinimumVisualStudioVersion = 10.0.40219.1
Project("{FAE04EC0-301F-11D3-BF4B-00C04F79EFBC}") = "star matrix pattern", "star matrix pattern\star matrix pattern.csproj", "{64C2EDB9-7E1E-4AAE-AE21-FCBF2660EBAC}"
EndProject
Global
	GlobalSection(SolutionConfigurationPlatforms) = preSolution
		Debug|Any CPU = Debug|Any CPU
		Release|Any CPU = Release|Any CPU
	EndGlobalSection
	GlobalSection(ProjectConfigurationPlatforms) = postSolution
		{64C2EDB9-7E1E-4AAE-AE21-FCBF2660EBAC}.Debug|Any CPU.ActiveCfg = Debug|Any CPU
		{64C2EDB9-7E1E-4AAE-AE21-FCBF2660EBAC}.Debug|Any CPU.Build.0 = Debug|Any CPU
		{64C2EDB9-7E1E-4AAE-AE21-FCBF2660EBAC}.Release|Any CPU.ActiveCfg = Release|Any CPU
		{64C2EDB9-7E1E-4AAE-AE21-FCBF2660EBAC}.Release|Any CPU.Build.0 = Release|Any CPU
	EndGlobalSection
	GlobalSection(SolutionProperties) = preSolution
		HideSolutionNode = FALSE
	EndGlobalSection
	GlobalSection(ExtensibilityGlobals) = postSolution
		SolutionGuid = {D2A9A8BD-5347-448E-9E31-6571071C4090}
	EndGlobalSection
EndGlobal
